
Microsoft Visual Studio Solution File, Format Version 12.00
# Visual Studio Version 16
VisualStudioVersion = 16.0.30907.101
MinimumVisualStudioVersion = 10.0.40219.1
Project("{FAE04EC0-301F-11D3-BF4B-00C04F79EFBC}") = "Entities", "Entities\Entities.csproj", "{9A5DD523-2208-46D4-BA1E-1DB4618B7979}"
EndProject
Project("{FAE04EC0-301F-11D3-BF4B-00C04F79EFBC}") = "DataAccess", "DataAccess\DataAccess.csproj", "{06A5ABDA-4A40-44B7-BBB4-DBC11AF65FBC}"
EndProject
Project("{FAE04EC0-301F-11D3-BF4B-00C04F79EFBC}") = "Business", "Business\Business.csproj", "{4CEE70C9-242A-40A0-8662-3462503A23DE}"
EndProject
Project("{FAE04EC0-301F-11D3-BF4B-00C04F79EFBC}") = "ConsoleUI", "ConsoleUI\ConsoleUI.csproj", "{A86ACC20-6B4C-4F5E-B9B2-8DA392CF34FB}"
EndProject
Global
	GlobalSection(SolutionConfigurationPlatforms) = preSolution
		Debug|Any CPU = Debug|Any CPU
		Release|Any CPU = Release|Any CPU
	EndGlobalSection
	GlobalSection(ProjectConfigurationPlatforms) = postSolution
		{9A5DD523-2208-46D4-BA1E-1DB4618B7979}.Debug|Any CPU.ActiveCfg = Debug|Any CPU
		{9A5DD523-2208-46D4-BA1E-1DB4618B7979}.Debug|Any CPU.Build.0 = Debug|Any CPU
		{9A5DD523-2208-46D4-BA1E-1DB4618B7979}.Release|Any CPU.ActiveCfg = Release|Any CPU
		{9A5DD523-2208-46D4-BA1E-1DB4618B7979}.Release|Any CPU.Build.0 = Release|Any CPU
		{06A5ABDA-4A40-44B7-BBB4-DBC11AF65FBC}.Debug|Any CPU.ActiveCfg = Debug|Any CPU
		{06A5ABDA-4A40-44B7-BBB4-DBC11AF65FBC}.Debug|Any CPU.Build.0 = Debug|Any CPU
		{06A5ABDA-4A40-44B7-BBB4-DBC11AF65FBC}.Release|Any CPU.ActiveCfg = Release|Any CPU
		{06A5ABDA-4A40-44B7-BBB4-DBC11AF65FBC}.Release|Any CPU.Build.0 = Release|Any CPU
		{4CEE70C9-242A-40A0-8662-3462503A23DE}.Debug|Any CPU.ActiveCfg = Debug|Any CPU
		{4CEE70C9-242A-40A0-8662-3462503A23DE}.Debug|Any CPU.Build.0 = Debug|Any CPU
		{4CEE70C9-242A-40A0-8662-3462503A23DE}.Release|Any CPU.ActiveCfg = Release|Any CPU
		{4CEE70C9-242A-40A0-8662-3462503A23DE}.Release|Any CPU.Build.0 = Release|Any CPU
		{A86ACC20-6B4C-4F5E-B9B2-8DA392CF34FB}.Debug|Any CPU.ActiveCfg = Debug|Any CPU
		{A86ACC20-6B4C-4F5E-B9B2-8DA392CF34FB}.Debug|Any CPU.Build.0 = Debug|Any CPU
		{A86ACC20-6B4C-4F5E-B9B2-8DA392CF34FB}.Release|Any CPU.ActiveCfg = Release|Any CPU
		{A86ACC20-6B4C-4F5E-B9B2-8DA392CF34FB}.Release|Any CPU.Build.0 = Release|Any CPU
	EndGlobalSection
	GlobalSection(SolutionProperties) = preSolution
		HideSolutionNode = FALSE
	EndGlobalSection
	GlobalSection(ExtensibilityGlobals) = postSolution
		SolutionGuid = {B07C90BC-EF4E-494B-A603-470F69A4F8B3}
	EndGlobalSection
EndGlobal
